
Microsoft Visual Studio Solution File, Format Version 12.00
# Visual Studio Version 16
VisualStudioVersion = 16.0.31313.79
MinimumVisualStudioVersion = 10.0.40219.1
Project("{9A19103F-16F7-4668-BE54-9A1E7A4F7556}") = "ThinkBridge.Shop.Api", "ThinkBridge.Shop.Api\ThinkBridge.Shop.Api.csproj", "{6AE8F431-4E07-4AB6-B4F5-32007C950C0A}"
EndProject
Project("{9A19103F-16F7-4668-BE54-9A1E7A4F7556}") = "ThinkBridge.Shop.Core", "..\ThinkBridge.Shop.Core\ThinkBridge.Shop.Core.csproj", "{130662D5-494E-42FE-90C8-85259C9A8A32}"
EndProject
Project("{9A19103F-16F7-4668-BE54-9A1E7A4F7556}") = "ThinkBridge.Shop.Data", "..\ThinkBridge.Shop.Data\ThinkBridge.Shop.Data.csproj", "{2E919F4F-AEC6-4853-B9CB-43EB4F0DD0E1}"
EndProject
Project("{9A19103F-16F7-4668-BE54-9A1E7A4F7556}") = "ThinkBridge.Shop.Services", "..\ThinkBridge.Shop.Services\ThinkBridge.Shop.Services.csproj", "{AF1F03AF-0B39-4482-BC52-3C06B9BFC40A}"
EndProject
Project("{FAE04EC0-301F-11D3-BF4B-00C04F79EFBC}") = "ThinkBridge.Shop.Web", "..\ThinkBridge.Shop.Web\ThinkBridge.Shop.Web.csproj", "{9F750BF2-EAE1-4169-85F3-E1889A2D51C8}"
EndProject
Global
	GlobalSection(SolutionConfigurationPlatforms) = preSolution
		Debug|Any CPU = Debug|Any CPU
		Release|Any CPU = Release|Any CPU
	EndGlobalSection
	GlobalSection(ProjectConfigurationPlatforms) = postSolution
		{6AE8F431-4E07-4AB6-B4F5-32007C950C0A}.Debug|Any CPU.ActiveCfg = Debug|Any CPU
		{6AE8F431-4E07-4AB6-B4F5-32007C950C0A}.Debug|Any CPU.Build.0 = Debug|Any CPU
		{6AE8F431-4E07-4AB6-B4F5-32007C950C0A}.Release|Any CPU.ActiveCfg = Release|Any CPU
		{6AE8F431-4E07-4AB6-B4F5-32007C950C0A}.Release|Any CPU.Build.0 = Release|Any CPU
		{130662D5-494E-42FE-90C8-85259C9A8A32}.Debug|Any CPU.ActiveCfg = Debug|Any CPU
		{130662D5-494E-42FE-90C8-85259C9A8A32}.Debug|Any CPU.Build.0 = Debug|Any CPU
		{130662D5-494E-42FE-90C8-85259C9A8A32}.Release|Any CPU.ActiveCfg = Release|Any CPU
		{130662D5-494E-42FE-90C8-85259C9A8A32}.Release|Any CPU.Build.0 = Release|Any CPU
		{2E919F4F-AEC6-4853-B9CB-43EB4F0DD0E1}.Debug|Any CPU.ActiveCfg = Debug|Any CPU
		{2E919F4F-AEC6-4853-B9CB-43EB4F0DD0E1}.Debug|Any CPU.Build.0 = Debug|Any CPU
		{2E919F4F-AEC6-4853-B9CB-43EB4F0DD0E1}.Release|Any CPU.ActiveCfg = Release|Any CPU
		{2E919F4F-AEC6-4853-B9CB-43EB4F0DD0E1}.Release|Any CPU.Build.0 = Release|Any CPU
		{AF1F03AF-0B39-4482-BC52-3C06B9BFC40A}.Debug|Any CPU.ActiveCfg = Debug|Any CPU
		{AF1F03AF-0B39-4482-BC52-3C06B9BFC40A}.Debug|Any CPU.Build.0 = Debug|Any CPU
		{AF1F03AF-0B39-4482-BC52-3C06B9BFC40A}.Release|Any CPU.ActiveCfg = Release|Any CPU
		{AF1F03AF-0B39-4482-BC52-3C06B9BFC40A}.Release|Any CPU.Build.0 = Release|Any CPU
		{9F750BF2-EAE1-4169-85F3-E1889A2D51C8}.Debug|Any CPU.ActiveCfg = Debug|Any CPU
		{9F750BF2-EAE1-4169-85F3-E1889A2D51C8}.Debug|Any CPU.Build.0 = Debug|Any CPU
		{9F750BF2-EAE1-4169-85F3-E1889A2D51C8}.Release|Any CPU.ActiveCfg = Release|Any CPU
		{9F750BF2-EAE1-4169-85F3-E1889A2D51C8}.Release|Any CPU.Build.0 = Release|Any CPU
	EndGlobalSection
	GlobalSection(SolutionProperties) = preSolution
		HideSolutionNode = FALSE
	EndGlobalSection
	GlobalSection(ExtensibilityGlobals) = postSolution
		SolutionGuid = {661143E2-873A-4D4E-BFDC-09D4DECDBF8C}
	EndGlobalSection
EndGlobal
